set_global_assignment -name FAMILY "Cyclone V"
set_global_assignment -name DEVICE 5CSEBA6U23I7
set_global_assignment -name TOP_LEVEL_ENTITY syn_cpu
set_global_assignment -name LAST_QUARTUS_VERSION "17.0.2 Lite Edition"
set_global_assignment -name NUM_PARALLEL_PROCESSORS ALL
set_global_assignment -name VERILOG_FILE ../build_syn/smashtv_cpu.v
